schema: '2.0'
stages:
  data_split:
    cmd: python src/data_split.py
    deps:
    - path: data/pool_data
      hash: md5
      md5: f912d07c3ba1ccbd7ed857190b06e44f.dir
      size: 19003065
      nfiles: 184
    - path: src/data_split.py
      hash: md5
      md5: 6c168c9a99907b7fe96ef350c6de9a3c
      size: 1041
    params:
      params.yaml:
        base:
          random_seed: 42
        data_split:
          test_regions:
          - REGION_1
    outs:
    - path: data/test_data
      hash: md5
      md5: 1bb16eb1219b47a8bf711ade27c476e4.dir
      size: 2087761
      nfiles: 24
    - path: data/train_data
      hash: md5
      md5: a28a7e4d342c27c1d7ad3c17ec1dfa7a.dir
      size: 16905965
      nfiles: 158
  train:
    cmd: python src/train.py
    deps:
    - path: data/train_data
      hash: md5
      md5: a28a7e4d342c27c1d7ad3c17ec1dfa7a.dir
      size: 16905965
      nfiles: 158
    - path: src/train.py
      hash: md5
      md5: 811db7cb78763cac7eb6734cda6b7c10
      size: 2469
    params:
      params.yaml:
        base:
          random_seed: 42
        train:
          valid_pct: 0.1
          arch: shufflenet_v2_x2_0
          img_size: 256
          batch_size: 16
          fine_tune_args:
            epochs: 8
            base_lr: 0.01
    outs:
    - path: models/model.pkl
      hash: md5
      md5: beaa3f777b70ba297c5157e3acab594b
      size: 197648
  evaluate:
    cmd: python src/evaluate.py
    deps:
    - path: data/test_data
      hash: md5
      md5: 1bb16eb1219b47a8bf711ade27c476e4.dir
      size: 2087761
      nfiles: 24
    - path: models/model.pkl
      hash: md5
      md5: beaa3f777b70ba297c5157e3acab594b
      size: 197648
    - path: src/evaluate.py
      hash: md5
      md5: 6c191e7780998908023335819f46cc47
      size: 3430
    params:
      params.yaml:
        base:
          random_seed: 42
        evaluate:
          n_samples_to_save: 10
